
Microsoft Visual Studio Solution File, Format Version 12.00
# Visual Studio 14
VisualStudioVersion = 14.0.23107.0
MinimumVisualStudioVersion = 10.0.40219.1
Project("{FAE04EC0-301F-11D3-BF4B-00C04F79EFBC}") = "TestProjectRW", "TestProjectRW\TestProjectRW.csproj", "{55F2B174-328E-42D9-AE8F-B401F4D5B492}"
EndProject
Project("{FAE04EC0-301F-11D3-BF4B-00C04F79EFBC}") = "TipCalculator", "TipCalculator\TipCalculator.csproj", "{DFA54982-86DA-4DC7-BB23-7E94CA376972}"
EndProject
Global
	GlobalSection(SolutionConfigurationPlatforms) = preSolution
		Debug|Any CPU = Debug|Any CPU
		Release|Any CPU = Release|Any CPU
	EndGlobalSection
	GlobalSection(ProjectConfigurationPlatforms) = postSolution
		{55F2B174-328E-42D9-AE8F-B401F4D5B492}.Debug|Any CPU.ActiveCfg = Debug|Any CPU
		{55F2B174-328E-42D9-AE8F-B401F4D5B492}.Debug|Any CPU.Build.0 = Debug|Any CPU
		{55F2B174-328E-42D9-AE8F-B401F4D5B492}.Release|Any CPU.ActiveCfg = Release|Any CPU
		{55F2B174-328E-42D9-AE8F-B401F4D5B492}.Release|Any CPU.Build.0 = Release|Any CPU
		{DFA54982-86DA-4DC7-BB23-7E94CA376972}.Debug|Any CPU.ActiveCfg = Debug|Any CPU
		{DFA54982-86DA-4DC7-BB23-7E94CA376972}.Debug|Any CPU.Build.0 = Debug|Any CPU
		{DFA54982-86DA-4DC7-BB23-7E94CA376972}.Release|Any CPU.ActiveCfg = Release|Any CPU
		{DFA54982-86DA-4DC7-BB23-7E94CA376972}.Release|Any CPU.Build.0 = Release|Any CPU
	EndGlobalSection
	GlobalSection(SolutionProperties) = preSolution
		HideSolutionNode = FALSE
	EndGlobalSection
EndGlobal
