
Microsoft Visual Studio Solution File, Format Version 12.00
# Visual Studio 14
VisualStudioVersion = 14.0.23107.0
MinimumVisualStudioVersion = 10.0.40219.1
Project("{FAE04EC0-301F-11D3-BF4B-00C04F79EFBC}") = "Spreadsheet", "Spreadsheet\Spreadsheet.csproj", "{98A1A3F9-A509-4452-9388-10BA1D552576}"
EndProject
Project("{FAE04EC0-301F-11D3-BF4B-00C04F79EFBC}") = "Resources", "Resources\Resources.csproj", "{7FA844A2-37E3-468C-A47C-F79C50D1C9F2}"
EndProject
Project("{FAE04EC0-301F-11D3-BF4B-00C04F79EFBC}") = "SpreadsheetTests", "SpreadsheetTests\SpreadsheetTests.csproj", "{DCE29505-85A6-4835-B643-1BE3976B0591}"
EndProject
Global
	GlobalSection(SolutionConfigurationPlatforms) = preSolution
		Debug|Any CPU = Debug|Any CPU
		Release|Any CPU = Release|Any CPU
	EndGlobalSection
	GlobalSection(ProjectConfigurationPlatforms) = postSolution
		{98A1A3F9-A509-4452-9388-10BA1D552576}.Debug|Any CPU.ActiveCfg = Debug|Any CPU
		{98A1A3F9-A509-4452-9388-10BA1D552576}.Debug|Any CPU.Build.0 = Debug|Any CPU
		{98A1A3F9-A509-4452-9388-10BA1D552576}.Release|Any CPU.ActiveCfg = Release|Any CPU
		{98A1A3F9-A509-4452-9388-10BA1D552576}.Release|Any CPU.Build.0 = Release|Any CPU
		{7FA844A2-37E3-468C-A47C-F79C50D1C9F2}.Debug|Any CPU.ActiveCfg = Debug|Any CPU
		{7FA844A2-37E3-468C-A47C-F79C50D1C9F2}.Release|Any CPU.ActiveCfg = Release|Any CPU
		{7FA844A2-37E3-468C-A47C-F79C50D1C9F2}.Release|Any CPU.Build.0 = Release|Any CPU
		{DCE29505-85A6-4835-B643-1BE3976B0591}.Debug|Any CPU.ActiveCfg = Debug|Any CPU
		{DCE29505-85A6-4835-B643-1BE3976B0591}.Debug|Any CPU.Build.0 = Debug|Any CPU
		{DCE29505-85A6-4835-B643-1BE3976B0591}.Release|Any CPU.ActiveCfg = Release|Any CPU
		{DCE29505-85A6-4835-B643-1BE3976B0591}.Release|Any CPU.Build.0 = Release|Any CPU
	EndGlobalSection
	GlobalSection(SolutionProperties) = preSolution
		HideSolutionNode = FALSE
	EndGlobalSection
EndGlobal
